
Microsoft Visual Studio Solution File, Format Version 12.00
# Visual Studio Version 17
VisualStudioVersion = 17.0.31919.166
MinimumVisualStudioVersion = 10.0.40219.1
Project("{9A19103F-16F7-4668-BE54-9A1E7A4F7556}") = "CommonVariables", "CommonVariables\CommonVariables.csproj", "{8A65D9BC-1B67-4385-8232-592866F73DAE}"
EndProject
Project("{9A19103F-16F7-4668-BE54-9A1E7A4F7556}") = "HomeWork1", "HomeWork1\HomeWork1.csproj", "{97ACFF7D-4DAE-4E4F-A08C-C1E99418888E}"
EndProject
Project("{9A19103F-16F7-4668-BE54-9A1E7A4F7556}") = "HomeWork-TypeConversion", "HomeWork-TypeConversion\HomeWork-TypeConversion.csproj", "{568DC7D8-9348-4C69-9020-F4AED8C4363D}"
EndProject
Project("{9A19103F-16F7-4668-BE54-9A1E7A4F7556}") = "Conditionals", "Conditionals\Conditionals.csproj", "{2290C46A-8EAF-4135-9EA0-7407D7D17176}"
EndProject
Project("{9A19103F-16F7-4668-BE54-9A1E7A4F7556}") = "HomeWork-ConditionalStatements", "HomeWork-ConditionalStatements\HomeWork-ConditionalStatements.csproj", "{C47E580B-8A4D-454D-ADF3-B7BBA49708E0}"
EndProject
Project("{9A19103F-16F7-4668-BE54-9A1E7A4F7556}") = "HomeWork-MiniProject", "HomeWork-MiniProject\HomeWork-MiniProject.csproj", "{9F8EBC15-A895-42F3-991C-9DEDBEC930FB}"
EndProject
Project("{9A19103F-16F7-4668-BE54-9A1E7A4F7556}") = "LoopsAndSets", "LoopsAndSets\LoopsAndSets.csproj", "{C0BB7EA1-4B19-4D94-BF06-B3FF05158A64}"
EndProject
Project("{9A19103F-16F7-4668-BE54-9A1E7A4F7556}") = "HomeWork-DoLoop", "HomeWork-DoLoop\HomeWork-DoLoop.csproj", "{F02C922B-D98F-4764-97C6-CFB7ECD9F418}"
EndProject
Project("{9A19103F-16F7-4668-BE54-9A1E7A4F7556}") = "HomeWork-Arrays", "HomeWork-Arrays\HomeWork-Arrays.csproj", "{B524AFD6-D031-4D9D-9D4D-377150A2686C}"
EndProject
Project("{9A19103F-16F7-4668-BE54-9A1E7A4F7556}") = "HomeWork-Lists", "HomeWork-Lists\HomeWork-Lists.csproj", "{107874AF-BE27-440D-B1D6-812179A73BEC}"
EndProject
Project("{9A19103F-16F7-4668-BE54-9A1E7A4F7556}") = "HomeWork-Dictionary", "HomeWork-Dictionary\HomeWork-Dictionary.csproj", "{12E45585-6EFF-4DF3-B50B-ABD15E4D27D8}"
EndProject
Project("{9A19103F-16F7-4668-BE54-9A1E7A4F7556}") = "HomeWork-ForAndFroEachLoop", "HomeWork-ForAndFroEachLoop\HomeWork-ForAndFroEachLoop.csproj", "{46002264-693E-4A3E-A323-38B91849C8B3}"
EndProject
Project("{9A19103F-16F7-4668-BE54-9A1E7A4F7556}") = "Methods", "Methods\Methods.csproj", "{10BB93DD-0899-43D1-8E32-81AC2813B2A4}"
EndProject
Project("{9A19103F-16F7-4668-BE54-9A1E7A4F7556}") = "HomeWork-Methods", "HomeWork-Methods\HomeWork-Methods.csproj", "{DA7B506C-E932-4E49-88BC-A1A10E5D4F30}"
EndProject
Project("{9A19103F-16F7-4668-BE54-9A1E7A4F7556}") = "MiniProject-GuestBook", "MiniProject-GuestBook\MiniProject-GuestBook.csproj", "{65F21D6B-1DFF-4D75-A9ED-71E69048726B}"
EndProject
Project("{FAE04EC0-301F-11D3-BF4B-00C04F79EFBC}") = "OOP1-ConsoleUI", "OOP1-ConsoleUI\OOP1-ConsoleUI.csproj", "{C27C8504-7ED0-472B-8CF2-028987345528}"
EndProject
Project("{FAE04EC0-301F-11D3-BF4B-00C04F79EFBC}") = "DemoLibrary", "DemoLibrary\DemoLibrary.csproj", "{C37C09FB-B448-446B-9BBC-6D2BCDE33A9E}"
EndProject
Project("{FAE04EC0-301F-11D3-BF4B-00C04F79EFBC}") = "DemoConsolUI", "DemoConsolUI\DemoConsolUI.csproj", "{FCEEC884-D42E-4E8A-92AD-73EFC1801872}"
EndProject
Project("{2150E333-8FDC-42A3-9474-1A3956D46DE8}") = "ClassLibraryDemo", "ClassLibraryDemo", "{CA56C3A9-BFE4-4504-86D1-1C9348A8A970}"
EndProject
Project("{2150E333-8FDC-42A3-9474-1A3956D46DE8}") = "Intro", "Intro", "{7A42C690-5E53-4CA9-9B70-F5E41F811D85}"
EndProject
Project("{2150E333-8FDC-42A3-9474-1A3956D46DE8}") = "MiniProject", "MiniProject", "{CFF3B52E-463F-4A45-8447-54752BF715B9}"
EndProject
Project("{2150E333-8FDC-42A3-9474-1A3956D46DE8}") = "GuestBook", "GuestBook", "{4FF82D30-F3EA-4225-8F45-647B4827C722}"
EndProject
Project("{2150E333-8FDC-42A3-9474-1A3956D46DE8}") = "BetterGuestBook", "BetterGuestBook", "{35F39873-7C92-4FE1-9EBD-789956D6A17F}"
EndProject
Project("{FAE04EC0-301F-11D3-BF4B-00C04F79EFBC}") = "GuestBookLibrary", "GuestBookLibrary\GuestBookLibrary.csproj", "{D1EFEFD8-9241-46C0-B85C-5B6D34CFF701}"
EndProject
Project("{FAE04EC0-301F-11D3-BF4B-00C04F79EFBC}") = "BetterGuestBookConsoleUI", "BetterGuestBookConsoleUI\BetterGuestBookConsoleUI.csproj", "{084E191B-0539-4AFA-93E1-4C253EDEEDF1}"
EndProject
Global
	GlobalSection(SolutionConfigurationPlatforms) = preSolution
		Debug|Any CPU = Debug|Any CPU
		Release|Any CPU = Release|Any CPU
	EndGlobalSection
	GlobalSection(ProjectConfigurationPlatforms) = postSolution
		{8A65D9BC-1B67-4385-8232-592866F73DAE}.Debug|Any CPU.ActiveCfg = Debug|Any CPU
		{8A65D9BC-1B67-4385-8232-592866F73DAE}.Debug|Any CPU.Build.0 = Debug|Any CPU
		{8A65D9BC-1B67-4385-8232-592866F73DAE}.Release|Any CPU.ActiveCfg = Release|Any CPU
		{8A65D9BC-1B67-4385-8232-592866F73DAE}.Release|Any CPU.Build.0 = Release|Any CPU
		{97ACFF7D-4DAE-4E4F-A08C-C1E99418888E}.Debug|Any CPU.ActiveCfg = Debug|Any CPU
		{97ACFF7D-4DAE-4E4F-A08C-C1E99418888E}.Debug|Any CPU.Build.0 = Debug|Any CPU
		{97ACFF7D-4DAE-4E4F-A08C-C1E99418888E}.Release|Any CPU.ActiveCfg = Release|Any CPU
		{97ACFF7D-4DAE-4E4F-A08C-C1E99418888E}.Release|Any CPU.Build.0 = Release|Any CPU
		{568DC7D8-9348-4C69-9020-F4AED8C4363D}.Debug|Any CPU.ActiveCfg = Debug|Any CPU
		{568DC7D8-9348-4C69-9020-F4AED8C4363D}.Debug|Any CPU.Build.0 = Debug|Any CPU
		{568DC7D8-9348-4C69-9020-F4AED8C4363D}.Release|Any CPU.ActiveCfg = Release|Any CPU
		{568DC7D8-9348-4C69-9020-F4AED8C4363D}.Release|Any CPU.Build.0 = Release|Any CPU
		{2290C46A-8EAF-4135-9EA0-7407D7D17176}.Debug|Any CPU.ActiveCfg = Debug|Any CPU
		{2290C46A-8EAF-4135-9EA0-7407D7D17176}.Debug|Any CPU.Build.0 = Debug|Any CPU
		{2290C46A-8EAF-4135-9EA0-7407D7D17176}.Release|Any CPU.ActiveCfg = Release|Any CPU
		{2290C46A-8EAF-4135-9EA0-7407D7D17176}.Release|Any CPU.Build.0 = Release|Any CPU
		{C47E580B-8A4D-454D-ADF3-B7BBA49708E0}.Debug|Any CPU.ActiveCfg = Debug|Any CPU
		{C47E580B-8A4D-454D-ADF3-B7BBA49708E0}.Debug|Any CPU.Build.0 = Debug|Any CPU
		{C47E580B-8A4D-454D-ADF3-B7BBA49708E0}.Release|Any CPU.ActiveCfg = Release|Any CPU
		{C47E580B-8A4D-454D-ADF3-B7BBA49708E0}.Release|Any CPU.Build.0 = Release|Any CPU
		{9F8EBC15-A895-42F3-991C-9DEDBEC930FB}.Debug|Any CPU.ActiveCfg = Debug|Any CPU
		{9F8EBC15-A895-42F3-991C-9DEDBEC930FB}.Debug|Any CPU.Build.0 = Debug|Any CPU
		{9F8EBC15-A895-42F3-991C-9DEDBEC930FB}.Release|Any CPU.ActiveCfg = Release|Any CPU
		{9F8EBC15-A895-42F3-991C-9DEDBEC930FB}.Release|Any CPU.Build.0 = Release|Any CPU
		{C0BB7EA1-4B19-4D94-BF06-B3FF05158A64}.Debug|Any CPU.ActiveCfg = Debug|Any CPU
		{C0BB7EA1-4B19-4D94-BF06-B3FF05158A64}.Debug|Any CPU.Build.0 = Debug|Any CPU
		{C0BB7EA1-4B19-4D94-BF06-B3FF05158A64}.Release|Any CPU.ActiveCfg = Release|Any CPU
		{C0BB7EA1-4B19-4D94-BF06-B3FF05158A64}.Release|Any CPU.Build.0 = Release|Any CPU
		{F02C922B-D98F-4764-97C6-CFB7ECD9F418}.Debug|Any CPU.ActiveCfg = Debug|Any CPU
		{F02C922B-D98F-4764-97C6-CFB7ECD9F418}.Debug|Any CPU.Build.0 = Debug|Any CPU
		{F02C922B-D98F-4764-97C6-CFB7ECD9F418}.Release|Any CPU.ActiveCfg = Release|Any CPU
		{F02C922B-D98F-4764-97C6-CFB7ECD9F418}.Release|Any CPU.Build.0 = Release|Any CPU
		{B524AFD6-D031-4D9D-9D4D-377150A2686C}.Debug|Any CPU.ActiveCfg = Debug|Any CPU
		{B524AFD6-D031-4D9D-9D4D-377150A2686C}.Debug|Any CPU.Build.0 = Debug|Any CPU
		{B524AFD6-D031-4D9D-9D4D-377150A2686C}.Release|Any CPU.ActiveCfg = Release|Any CPU
		{B524AFD6-D031-4D9D-9D4D-377150A2686C}.Release|Any CPU.Build.0 = Release|Any CPU
		{107874AF-BE27-440D-B1D6-812179A73BEC}.Debug|Any CPU.ActiveCfg = Debug|Any CPU
		{107874AF-BE27-440D-B1D6-812179A73BEC}.Debug|Any CPU.Build.0 = Debug|Any CPU
		{107874AF-BE27-440D-B1D6-812179A73BEC}.Release|Any CPU.ActiveCfg = Release|Any CPU
		{107874AF-BE27-440D-B1D6-812179A73BEC}.Release|Any CPU.Build.0 = Release|Any CPU
		{12E45585-6EFF-4DF3-B50B-ABD15E4D27D8}.Debug|Any CPU.ActiveCfg = Debug|Any CPU
		{12E45585-6EFF-4DF3-B50B-ABD15E4D27D8}.Debug|Any CPU.Build.0 = Debug|Any CPU
		{12E45585-6EFF-4DF3-B50B-ABD15E4D27D8}.Release|Any CPU.ActiveCfg = Release|Any CPU
		{12E45585-6EFF-4DF3-B50B-ABD15E4D27D8}.Release|Any CPU.Build.0 = Release|Any CPU
		{46002264-693E-4A3E-A323-38B91849C8B3}.Debug|Any CPU.ActiveCfg = Debug|Any CPU
		{46002264-693E-4A3E-A323-38B91849C8B3}.Debug|Any CPU.Build.0 = Debug|Any CPU
		{46002264-693E-4A3E-A323-38B91849C8B3}.Release|Any CPU.ActiveCfg = Release|Any CPU
		{46002264-693E-4A3E-A323-38B91849C8B3}.Release|Any CPU.Build.0 = Release|Any CPU
		{10BB93DD-0899-43D1-8E32-81AC2813B2A4}.Debug|Any CPU.ActiveCfg = Debug|Any CPU
		{10BB93DD-0899-43D1-8E32-81AC2813B2A4}.Debug|Any CPU.Build.0 = Debug|Any CPU
		{10BB93DD-0899-43D1-8E32-81AC2813B2A4}.Release|Any CPU.ActiveCfg = Release|Any CPU
		{10BB93DD-0899-43D1-8E32-81AC2813B2A4}.Release|Any CPU.Build.0 = Release|Any CPU
		{DA7B506C-E932-4E49-88BC-A1A10E5D4F30}.Debug|Any CPU.ActiveCfg = Debug|Any CPU
		{DA7B506C-E932-4E49-88BC-A1A10E5D4F30}.Debug|Any CPU.Build.0 = Debug|Any CPU
		{DA7B506C-E932-4E49-88BC-A1A10E5D4F30}.Release|Any CPU.ActiveCfg = Release|Any CPU
		{DA7B506C-E932-4E49-88BC-A1A10E5D4F30}.Release|Any CPU.Build.0 = Release|Any CPU
		{65F21D6B-1DFF-4D75-A9ED-71E69048726B}.Debug|Any CPU.ActiveCfg = Debug|Any CPU
		{65F21D6B-1DFF-4D75-A9ED-71E69048726B}.Debug|Any CPU.Build.0 = Debug|Any CPU
		{65F21D6B-1DFF-4D75-A9ED-71E69048726B}.Release|Any CPU.ActiveCfg = Release|Any CPU
		{65F21D6B-1DFF-4D75-A9ED-71E69048726B}.Release|Any CPU.Build.0 = Release|Any CPU
		{C27C8504-7ED0-472B-8CF2-028987345528}.Debug|Any CPU.ActiveCfg = Debug|Any CPU
		{C27C8504-7ED0-472B-8CF2-028987345528}.Debug|Any CPU.Build.0 = Debug|Any CPU
		{C27C8504-7ED0-472B-8CF2-028987345528}.Release|Any CPU.ActiveCfg = Release|Any CPU
		{C27C8504-7ED0-472B-8CF2-028987345528}.Release|Any CPU.Build.0 = Release|Any CPU
		{C37C09FB-B448-446B-9BBC-6D2BCDE33A9E}.Debug|Any CPU.ActiveCfg = Debug|Any CPU
		{C37C09FB-B448-446B-9BBC-6D2BCDE33A9E}.Debug|Any CPU.Build.0 = Debug|Any CPU
		{C37C09FB-B448-446B-9BBC-6D2BCDE33A9E}.Release|Any CPU.ActiveCfg = Release|Any CPU
		{C37C09FB-B448-446B-9BBC-6D2BCDE33A9E}.Release|Any CPU.Build.0 = Release|Any CPU
		{FCEEC884-D42E-4E8A-92AD-73EFC1801872}.Debug|Any CPU.ActiveCfg = Debug|Any CPU
		{FCEEC884-D42E-4E8A-92AD-73EFC1801872}.Debug|Any CPU.Build.0 = Debug|Any CPU
		{FCEEC884-D42E-4E8A-92AD-73EFC1801872}.Release|Any CPU.ActiveCfg = Release|Any CPU
		{FCEEC884-D42E-4E8A-92AD-73EFC1801872}.Release|Any CPU.Build.0 = Release|Any CPU
		{D1EFEFD8-9241-46C0-B85C-5B6D34CFF701}.Debug|Any CPU.ActiveCfg = Debug|Any CPU
		{D1EFEFD8-9241-46C0-B85C-5B6D34CFF701}.Debug|Any CPU.Build.0 = Debug|Any CPU
		{D1EFEFD8-9241-46C0-B85C-5B6D34CFF701}.Release|Any CPU.ActiveCfg = Release|Any CPU
		{D1EFEFD8-9241-46C0-B85C-5B6D34CFF701}.Release|Any CPU.Build.0 = Release|Any CPU
		{084E191B-0539-4AFA-93E1-4C253EDEEDF1}.Debug|Any CPU.ActiveCfg = Debug|Any CPU
		{084E191B-0539-4AFA-93E1-4C253EDEEDF1}.Debug|Any CPU.Build.0 = Debug|Any CPU
		{084E191B-0539-4AFA-93E1-4C253EDEEDF1}.Release|Any CPU.ActiveCfg = Release|Any CPU
		{084E191B-0539-4AFA-93E1-4C253EDEEDF1}.Release|Any CPU.Build.0 = Release|Any CPU
	EndGlobalSection
	GlobalSection(SolutionProperties) = preSolution
		HideSolutionNode = FALSE
	EndGlobalSection
	GlobalSection(NestedProjects) = preSolution
		{8A65D9BC-1B67-4385-8232-592866F73DAE} = {7A42C690-5E53-4CA9-9B70-F5E41F811D85}
		{97ACFF7D-4DAE-4E4F-A08C-C1E99418888E} = {7A42C690-5E53-4CA9-9B70-F5E41F811D85}
		{568DC7D8-9348-4C69-9020-F4AED8C4363D} = {7A42C690-5E53-4CA9-9B70-F5E41F811D85}
		{2290C46A-8EAF-4135-9EA0-7407D7D17176} = {7A42C690-5E53-4CA9-9B70-F5E41F811D85}
		{C47E580B-8A4D-454D-ADF3-B7BBA49708E0} = {7A42C690-5E53-4CA9-9B70-F5E41F811D85}
		{9F8EBC15-A895-42F3-991C-9DEDBEC930FB} = {7A42C690-5E53-4CA9-9B70-F5E41F811D85}
		{C0BB7EA1-4B19-4D94-BF06-B3FF05158A64} = {7A42C690-5E53-4CA9-9B70-F5E41F811D85}
		{F02C922B-D98F-4764-97C6-CFB7ECD9F418} = {7A42C690-5E53-4CA9-9B70-F5E41F811D85}
		{B524AFD6-D031-4D9D-9D4D-377150A2686C} = {7A42C690-5E53-4CA9-9B70-F5E41F811D85}
		{107874AF-BE27-440D-B1D6-812179A73BEC} = {7A42C690-5E53-4CA9-9B70-F5E41F811D85}
		{12E45585-6EFF-4DF3-B50B-ABD15E4D27D8} = {7A42C690-5E53-4CA9-9B70-F5E41F811D85}
		{46002264-693E-4A3E-A323-38B91849C8B3} = {7A42C690-5E53-4CA9-9B70-F5E41F811D85}
		{10BB93DD-0899-43D1-8E32-81AC2813B2A4} = {7A42C690-5E53-4CA9-9B70-F5E41F811D85}
		{DA7B506C-E932-4E49-88BC-A1A10E5D4F30} = {7A42C690-5E53-4CA9-9B70-F5E41F811D85}
		{65F21D6B-1DFF-4D75-A9ED-71E69048726B} = {4FF82D30-F3EA-4225-8F45-647B4827C722}
		{C37C09FB-B448-446B-9BBC-6D2BCDE33A9E} = {CA56C3A9-BFE4-4504-86D1-1C9348A8A970}
		{FCEEC884-D42E-4E8A-92AD-73EFC1801872} = {CA56C3A9-BFE4-4504-86D1-1C9348A8A970}
		{4FF82D30-F3EA-4225-8F45-647B4827C722} = {CFF3B52E-463F-4A45-8447-54752BF715B9}
		{35F39873-7C92-4FE1-9EBD-789956D6A17F} = {CFF3B52E-463F-4A45-8447-54752BF715B9}
		{D1EFEFD8-9241-46C0-B85C-5B6D34CFF701} = {35F39873-7C92-4FE1-9EBD-789956D6A17F}
		{084E191B-0539-4AFA-93E1-4C253EDEEDF1} = {35F39873-7C92-4FE1-9EBD-789956D6A17F}
	EndGlobalSection
	GlobalSection(ExtensibilityGlobals) = postSolution
		SolutionGuid = {43FD8E93-584D-4CF3-8D3F-CAF02B47F0F2}
	EndGlobalSection
EndGlobal
